// !$*UTF8*$!
{
	archiveVersion = 1;
	classes = {
	};
	objectVersion = 46;
	objects = {

/* Begin PBXBuildFile section */
		2C582E8F134B7FC3007CAC35 /* UIKit.framework in Frameworks */ = {isa = PBXBuildFile; fileRef = 2C582E8E134B7FC3007CAC35 /* UIKit.framework */; };
		2C582E91134B7FC3007CAC35 /* Foundation.framework in Frameworks */ = {isa = PBXBuildFile; fileRef = 2C582E90134B7FC3007CAC35 /* Foundation.framework */; };
		2C582E93134B7FC3007CAC35 /* CoreGraphics.framework in Frameworks */ = {isa = PBXBuildFile; fileRef = 2C582E92134B7FC3007CAC35 /* CoreGraphics.framework */; };
		2C582EAF134B7FC3007CAC35 /* UIKit.framework in Frameworks */ = {isa = PBXBuildFile; fileRef = 2C582E8E134B7FC3007CAC35 /* UIKit.framework */; };
		2C582EB0134B7FC3007CAC35 /* Foundation.framework in Frameworks */ = {isa = PBXBuildFile; fileRef = 2C582E90134B7FC3007CAC35 /* Foundation.framework */; };
		2C582EB1134B7FC3007CAC35 /* CoreGraphics.framework in Frameworks */ = {isa = PBXBuildFile; fileRef = 2C582E92134B7FC3007CAC35 /* CoreGraphics.framework */; };
		2C582EB9134B7FC3007CAC35 /* InfoPlist.strings in Resources */ = {isa = PBXBuildFile; fileRef = 2C582EB7134B7FC3007CAC35 /* InfoPlist.strings */; };
		2C582EBC134B7FC3007CAC35 /* RESTframeworkTests.h in Resources */ = {isa = PBXBuildFile; fileRef = 2C582EBB134B7FC3007CAC35 /* RESTframeworkTests.h */; };
		2C582EBE134B7FC3007CAC35 /* RESTframeworkTests.m in Sources */ = {isa = PBXBuildFile; fileRef = 2C582EBD134B7FC3007CAC35 /* RESTframeworkTests.m */; };
		2C582ED6134B8029007CAC35 /* InfoPlist.strings in Resources */ = {isa = PBXBuildFile; fileRef = 2C582EC9134B8029007CAC35 /* InfoPlist.strings */; };
		2C582ED7134B8029007CAC35 /* MainWindow.xib in Resources */ = {isa = PBXBuildFile; fileRef = 2C582ECB134B8029007CAC35 /* MainWindow.xib */; };
		2C582ED8134B8029007CAC35 /* RootViewController.xib in Resources */ = {isa = PBXBuildFile; fileRef = 2C582ECD134B8029007CAC35 /* RootViewController.xib */; };
		2C582ED9134B8029007CAC35 /* main.m in Sources */ = {isa = PBXBuildFile; fileRef = 2C582ECF134B8029007CAC35 /* main.m */; };
		2C582EDB134B8029007CAC35 /* RESTframeworkAppDelegate.m in Sources */ = {isa = PBXBuildFile; fileRef = 2C582ED3134B8029007CAC35 /* RESTframeworkAppDelegate.m */; };
		2C582EDC134B8029007CAC35 /* RootViewController.m in Sources */ = {isa = PBXBuildFile; fileRef = 2C582ED5134B8029007CAC35 /* RootViewController.m */; };
		2C96DD68141E0D460053D438 /* Foundation.framework in Frameworks */ = {isa = PBXBuildFile; fileRef = 2C582E90134B7FC3007CAC35 /* Foundation.framework */; };
		2C96DD73141E0D6C0053D438 /* RFRequest.m in Sources */ = {isa = PBXBuildFile; fileRef = 2C9F7DE61410CCEB00177C88 /* RFRequest.m */; };
		2C96DD74141E0D6E0053D438 /* RFResponse.m in Sources */ = {isa = PBXBuildFile; fileRef = 2CBD0AEF1413E19A00A04C01 /* RFResponse.m */; };
		2C96DD75141E0D710053D438 /* RFService.m in Sources */ = {isa = PBXBuildFile; fileRef = 2CBD0AF31413E3B200A04C01 /* RFService.m */; };
		2C96DD76141E0D810053D438 /* RFconf.h in Headers */ = {isa = PBXBuildFile; fileRef = 2CE0B3D91413B5E500775D13 /* RFconf.h */; settings = {ATTRIBUTES = (Private, ); }; };
		2C96DD77141E0D840053D438 /* RFRequest.h in Headers */ = {isa = PBXBuildFile; fileRef = 2C9F7DE51410CCEB00177C88 /* RFRequest.h */; settings = {ATTRIBUTES = (Public, ); }; };
		2C96DD78141E0D860053D438 /* RFResponse.h in Headers */ = {isa = PBXBuildFile; fileRef = 2CBD0AEE1413E19A00A04C01 /* RFResponse.h */; settings = {ATTRIBUTES = (Public, ); }; };
		2C96DD79141E0D8C0053D438 /* RFService.h in Headers */ = {isa = PBXBuildFile; fileRef = 2CBD0AF21413E3B200A04C01 /* RFService.h */; settings = {ATTRIBUTES = (Public, ); }; };
		2C96DD7D141E10220053D438 /* libRESTframework-Prefix.pch in Headers */ = {isa = PBXBuildFile; fileRef = 2C96DD7C141E10220053D438 /* libRESTframework-Prefix.pch */; };
		2C96DD81141E15D30053D438 /* License.txt in Resources */ = {isa = PBXBuildFile; fileRef = 2C96DD80141E15D30053D438 /* License.txt */; };
		2C96DD83141E160B0053D438 /* License.txt in CopyFiles */ = {isa = PBXBuildFile; fileRef = 2C96DD80141E15D30053D438 /* License.txt */; };
		2C9F7DE71410CCEB00177C88 /* RFRequest.m in Sources */ = {isa = PBXBuildFile; fileRef = 2C9F7DE61410CCEB00177C88 /* RFRequest.m */; };
		2CBD0AF01413E19A00A04C01 /* RFResponse.m in Sources */ = {isa = PBXBuildFile; fileRef = 2CBD0AEF1413E19A00A04C01 /* RFResponse.m */; };
		2CBD0AF41413E3B200A04C01 /* RFService.m in Sources */ = {isa = PBXBuildFile; fileRef = 2CBD0AF31413E3B200A04C01 /* RFService.m */; };
/* End PBXBuildFile section */

/* Begin PBXContainerItemProxy section */
		2C582EB2134B7FC3007CAC35 /* PBXContainerItemProxy */ = {
			isa = PBXContainerItemProxy;
			containerPortal = 2C582E81134B7FC3007CAC35 /* Project object */;
			proxyType = 1;
			remoteGlobalIDString = 2C582E89134B7FC3007CAC35;
			remoteInfo = RESTframework;
		};
/* End PBXContainerItemProxy section */

/* Begin PBXCopyFilesBuildPhase section */
		2C96DD82141E16020053D438 /* CopyFiles */ = {
			isa = PBXCopyFilesBuildPhase;
			buildActionMask = 2147483647;
			dstPath = "";
			dstSubfolderSpec = 7;
			files = (
				2C96DD83141E160B0053D438 /* License.txt in CopyFiles */,
			);
			runOnlyForDeploymentPostprocessing = 0;
		};
/* End PBXCopyFilesBuildPhase section */

/* Begin PBXFileReference section */
		2C582E8A134B7FC3007CAC35 /* RESTframework.app */ = {isa = PBXFileReference; explicitFileType = wrapper.application; includeInIndex = 0; path = RESTframework.app; sourceTree = BUILT_PRODUCTS_DIR; };
		2C582E8E134B7FC3007CAC35 /* UIKit.framework */ = {isa = PBXFileReference; lastKnownFileType = wrapper.framework; name = UIKit.framework; path = System/Library/Frameworks/UIKit.framework; sourceTree = SDKROOT; };
		2C582E90134B7FC3007CAC35 /* Foundation.framework */ = {isa = PBXFileReference; lastKnownFileType = wrapper.framework; name = Foundation.framework; path = System/Library/Frameworks/Foundation.framework; sourceTree = SDKROOT; };
		2C582E92134B7FC3007CAC35 /* CoreGraphics.framework */ = {isa = PBXFileReference; lastKnownFileType = wrapper.framework; name = CoreGraphics.framework; path = System/Library/Frameworks/CoreGraphics.framework; sourceTree = SDKROOT; };
		2C582EAE134B7FC3007CAC35 /* RESTframeworkTests.octest */ = {isa = PBXFileReference; explicitFileType = wrapper.cfbundle; includeInIndex = 0; path = RESTframeworkTests.octest; sourceTree = BUILT_PRODUCTS_DIR; };
		2C582EB6134B7FC3007CAC35 /* RESTframeworkTests-Info.plist */ = {isa = PBXFileReference; lastKnownFileType = text.plist.xml; path = "RESTframeworkTests-Info.plist"; sourceTree = "<group>"; };
		2C582EB8134B7FC3007CAC35 /* en */ = {isa = PBXFileReference; lastKnownFileType = text.plist.strings; name = en; path = en.lproj/InfoPlist.strings; sourceTree = "<group>"; };
		2C582EBA134B7FC3007CAC35 /* RESTframeworkTests-Prefix.pch */ = {isa = PBXFileReference; lastKnownFileType = sourcecode.c.h; path = "RESTframeworkTests-Prefix.pch"; sourceTree = "<group>"; };
		2C582EBB134B7FC3007CAC35 /* RESTframeworkTests.h */ = {isa = PBXFileReference; lastKnownFileType = sourcecode.c.h; path = RESTframeworkTests.h; sourceTree = "<group>"; };
		2C582EBD134B7FC3007CAC35 /* RESTframeworkTests.m */ = {isa = PBXFileReference; lastKnownFileType = sourcecode.c.objc; path = RESTframeworkTests.m; sourceTree = "<group>"; };
		2C582ECA134B8029007CAC35 /* en */ = {isa = PBXFileReference; lastKnownFileType = text.plist.strings; name = en; path = en.lproj/InfoPlist.strings; sourceTree = "<group>"; };
		2C582ECC134B8029007CAC35 /* en */ = {isa = PBXFileReference; lastKnownFileType = file.xib; name = en; path = en.lproj/MainWindow.xib; sourceTree = "<group>"; };
		2C582ECE134B8029007CAC35 /* en */ = {isa = PBXFileReference; lastKnownFileType = file.xib; name = en; path = en.lproj/RootViewController.xib; sourceTree = "<group>"; };
		2C582ECF134B8029007CAC35 /* main.m */ = {isa = PBXFileReference; fileEncoding = 4; lastKnownFileType = sourcecode.c.objc; path = main.m; sourceTree = "<group>"; };
		2C582ED0134B8029007CAC35 /* RESTframework-Info.plist */ = {isa = PBXFileReference; fileEncoding = 4; lastKnownFileType = text.plist.xml; path = "RESTframework-Info.plist"; sourceTree = "<group>"; };
		2C582ED1134B8029007CAC35 /* RESTframework-Prefix.pch */ = {isa = PBXFileReference; fileEncoding = 4; lastKnownFileType = sourcecode.c.h; path = "RESTframework-Prefix.pch"; sourceTree = "<group>"; };
		2C582ED2134B8029007CAC35 /* RESTframeworkAppDelegate.h */ = {isa = PBXFileReference; fileEncoding = 4; lastKnownFileType = sourcecode.c.h; path = RESTframeworkAppDelegate.h; sourceTree = "<group>"; };
		2C582ED3134B8029007CAC35 /* RESTframeworkAppDelegate.m */ = {isa = PBXFileReference; fileEncoding = 4; lastKnownFileType = sourcecode.c.objc; path = RESTframeworkAppDelegate.m; sourceTree = "<group>"; };
		2C582ED4134B8029007CAC35 /* RootViewController.h */ = {isa = PBXFileReference; fileEncoding = 4; lastKnownFileType = sourcecode.c.h; path = RootViewController.h; sourceTree = "<group>"; };
		2C582ED5134B8029007CAC35 /* RootViewController.m */ = {isa = PBXFileReference; fileEncoding = 4; lastKnownFileType = sourcecode.c.objc; path = RootViewController.m; sourceTree = "<group>"; };
		2C96DD67141E0D460053D438 /* libRESTframework.a */ = {isa = PBXFileReference; explicitFileType = archive.ar; includeInIndex = 0; path = libRESTframework.a; sourceTree = BUILT_PRODUCTS_DIR; };
		2C96DD7C141E10220053D438 /* libRESTframework-Prefix.pch */ = {isa = PBXFileReference; fileEncoding = 4; lastKnownFileType = sourcecode.c.h; path = "libRESTframework-Prefix.pch"; sourceTree = "<group>"; };
		2C96DD80141E15D30053D438 /* License.txt */ = {isa = PBXFileReference; fileEncoding = 4; lastKnownFileType = text; path = License.txt; sourceTree = "<group>"; };
		2C9F7DE51410CCEB00177C88 /* RFRequest.h */ = {isa = PBXFileReference; fileEncoding = 4; lastKnownFileType = sourcecode.c.h; path = RFRequest.h; sourceTree = "<group>"; };
		2C9F7DE61410CCEB00177C88 /* RFRequest.m */ = {isa = PBXFileReference; fileEncoding = 4; lastKnownFileType = sourcecode.c.objc; path = RFRequest.m; sourceTree = "<group>"; };
		2CBD0AEE1413E19A00A04C01 /* RFResponse.h */ = {isa = PBXFileReference; fileEncoding = 4; lastKnownFileType = sourcecode.c.h; path = RFResponse.h; sourceTree = "<group>"; };
		2CBD0AEF1413E19A00A04C01 /* RFResponse.m */ = {isa = PBXFileReference; fileEncoding = 4; lastKnownFileType = sourcecode.c.objc; path = RFResponse.m; sourceTree = "<group>"; };
		2CBD0AF21413E3B200A04C01 /* RFService.h */ = {isa = PBXFileReference; fileEncoding = 4; lastKnownFileType = sourcecode.c.h; path = RFService.h; sourceTree = "<group>"; };
		2CBD0AF31413E3B200A04C01 /* RFService.m */ = {isa = PBXFileReference; fileEncoding = 4; lastKnownFileType = sourcecode.c.objc; path = RFService.m; sourceTree = "<group>"; };
		2CE0B3D91413B5E500775D13 /* RFconf.h */ = {isa = PBXFileReference; fileEncoding = 4; lastKnownFileType = sourcecode.c.h; path = RFconf.h; sourceTree = "<group>"; };
/* End PBXFileReference section */

/* Begin PBXFrameworksBuildPhase section */
		2C582E87134B7FC3007CAC35 /* Frameworks */ = {
			isa = PBXFrameworksBuildPhase;
			buildActionMask = 2147483647;
			files = (
				2C582E8F134B7FC3007CAC35 /* UIKit.framework in Frameworks */,
				2C582E91134B7FC3007CAC35 /* Foundation.framework in Frameworks */,
				2C582E93134B7FC3007CAC35 /* CoreGraphics.framework in Frameworks */,
			);
			runOnlyForDeploymentPostprocessing = 0;
		};
		2C582EAA134B7FC3007CAC35 /* Frameworks */ = {
			isa = PBXFrameworksBuildPhase;
			buildActionMask = 2147483647;
			files = (
				2C582EAF134B7FC3007CAC35 /* UIKit.framework in Frameworks */,
				2C582EB0134B7FC3007CAC35 /* Foundation.framework in Frameworks */,
				2C582EB1134B7FC3007CAC35 /* CoreGraphics.framework in Frameworks */,
			);
			runOnlyForDeploymentPostprocessing = 0;
		};
		2C96DD64141E0D460053D438 /* Frameworks */ = {
			isa = PBXFrameworksBuildPhase;
			buildActionMask = 2147483647;
			files = (
				2C96DD68141E0D460053D438 /* Foundation.framework in Frameworks */,
			);
			runOnlyForDeploymentPostprocessing = 0;
		};
/* End PBXFrameworksBuildPhase section */

/* Begin PBXGroup section */
		2C582E7F134B7FC3007CAC35 = {
			isa = PBXGroup;
			children = (
				2C9F7DE31410CCD000177C88 /* RFClasses */,
				2C582EC8134B8029007CAC35 /* Application */,
				2C96DD7B141E10220053D438 /* libRESTframework */,
				2C582EB4134B7FC3007CAC35 /* RESTframeworkTests */,
				2C582E8D134B7FC3007CAC35 /* Frameworks */,
				2C582E8B134B7FC3007CAC35 /* Products */,
			);
			sourceTree = "<group>";
		};
		2C582E8B134B7FC3007CAC35 /* Products */ = {
			isa = PBXGroup;
			children = (
				2C582E8A134B7FC3007CAC35 /* RESTframework.app */,
				2C582EAE134B7FC3007CAC35 /* RESTframeworkTests.octest */,
				2C96DD67141E0D460053D438 /* libRESTframework.a */,
			);
			name = Products;
			sourceTree = "<group>";
		};
		2C582E8D134B7FC3007CAC35 /* Frameworks */ = {
			isa = PBXGroup;
			children = (
				2C582E8E134B7FC3007CAC35 /* UIKit.framework */,
				2C582E90134B7FC3007CAC35 /* Foundation.framework */,
				2C582E92134B7FC3007CAC35 /* CoreGraphics.framework */,
			);
			name = Frameworks;
			sourceTree = "<group>";
		};
		2C582EB4134B7FC3007CAC35 /* RESTframeworkTests */ = {
			isa = PBXGroup;
			children = (
				2C582EBB134B7FC3007CAC35 /* RESTframeworkTests.h */,
				2C582EBD134B7FC3007CAC35 /* RESTframeworkTests.m */,
				2C582EB5134B7FC3007CAC35 /* Supporting Files */,
			);
			path = RESTframeworkTests;
			sourceTree = "<group>";
		};
		2C582EB5134B7FC3007CAC35 /* Supporting Files */ = {
			isa = PBXGroup;
			children = (
				2C582EB6134B7FC3007CAC35 /* RESTframeworkTests-Info.plist */,
				2C582EB7134B7FC3007CAC35 /* InfoPlist.strings */,
				2C582EBA134B7FC3007CAC35 /* RESTframeworkTests-Prefix.pch */,
			);
			name = "Supporting Files";
			sourceTree = "<group>";
		};
		2C582EC8134B8029007CAC35 /* Application */ = {
			isa = PBXGroup;
			children = (
				2C582EE2134B8087007CAC35 /* Views */,
				2C582EE0134B8075007CAC35 /* AppDelegate */,
				2C582EDF134B805B007CAC35 /* Resources */,
				2C582ECF134B8029007CAC35 /* main.m */,
				2C582EDE134B8038007CAC35 /* Supporting Files */,
			);
			name = Application;
			path = RESTframework/Application;
			sourceTree = "<group>";
		};
		2C582EDE134B8038007CAC35 /* Supporting Files */ = {
			isa = PBXGroup;
			children = (
				2C582EC9134B8029007CAC35 /* InfoPlist.strings */,
				2C582ED0134B8029007CAC35 /* RESTframework-Info.plist */,
				2C582ED1134B8029007CAC35 /* RESTframework-Prefix.pch */,
			);
			name = "Supporting Files";
			sourceTree = "<group>";
		};
		2C582EDF134B805B007CAC35 /* Resources */ = {
			isa = PBXGroup;
			children = (
				2C582ECB134B8029007CAC35 /* MainWindow.xib */,
				2C582ECD134B8029007CAC35 /* RootViewController.xib */,
			);
			name = Resources;
			sourceTree = "<group>";
		};
		2C582EE0134B8075007CAC35 /* AppDelegate */ = {
			isa = PBXGroup;
			children = (
				2C582ED2134B8029007CAC35 /* RESTframeworkAppDelegate.h */,
				2C582ED3134B8029007CAC35 /* RESTframeworkAppDelegate.m */,
			);
			name = AppDelegate;
			sourceTree = "<group>";
		};
		2C582EE2134B8087007CAC35 /* Views */ = {
			isa = PBXGroup;
			children = (
				2C582ED4134B8029007CAC35 /* RootViewController.h */,
				2C582ED5134B8029007CAC35 /* RootViewController.m */,
			);
			name = Views;
			sourceTree = "<group>";
		};
		2C96DD7B141E10220053D438 /* libRESTframework */ = {
			isa = PBXGroup;
			children = (
				2C96DD7C141E10220053D438 /* libRESTframework-Prefix.pch */,
			);
			name = libRESTframework;
			path = RESTframework/libRESTframework;
			sourceTree = "<group>";
		};
		2C9F7DE31410CCD000177C88 /* RFClasses */ = {
			isa = PBXGroup;
			children = (
				2CE0B3D91413B5E500775D13 /* RFconf.h */,
				2C9F7DE51410CCEB00177C88 /* RFRequest.h */,
				2C9F7DE61410CCEB00177C88 /* RFRequest.m */,
				2CBD0AEE1413E19A00A04C01 /* RFResponse.h */,
				2CBD0AEF1413E19A00A04C01 /* RFResponse.m */,
				2CBD0AF21413E3B200A04C01 /* RFService.h */,
				2CBD0AF31413E3B200A04C01 /* RFService.m */,
				2C96DD80141E15D30053D438 /* License.txt */,
			);
			name = RFClasses;
			path = RESTframework/RFClasses;
			sourceTree = "<group>";
		};
/* End PBXGroup section */

/* Begin PBXHeadersBuildPhase section */
		2C96DD65141E0D460053D438 /* Headers */ = {
			isa = PBXHeadersBuildPhase;
			buildActionMask = 2147483647;
			files = (
				2C96DD77141E0D840053D438 /* RFRequest.h in Headers */,
				2C96DD78141E0D860053D438 /* RFResponse.h in Headers */,
				2C96DD79141E0D8C0053D438 /* RFService.h in Headers */,
				2C96DD76141E0D810053D438 /* RFconf.h in Headers */,
				2C96DD7D141E10220053D438 /* libRESTframework-Prefix.pch in Headers */,
			);
			runOnlyForDeploymentPostprocessing = 0;
		};
/* End PBXHeadersBuildPhase section */

/* Begin PBXNativeTarget section */
		2C582E89134B7FC3007CAC35 /* RESTframework */ = {
			isa = PBXNativeTarget;
			buildConfigurationList = 2C582EC1134B7FC3007CAC35 /* Build configuration list for PBXNativeTarget "RESTframework" */;
			buildPhases = (
				2C582E86134B7FC3007CAC35 /* Sources */,
				2C582E87134B7FC3007CAC35 /* Frameworks */,
				2C582E88134B7FC3007CAC35 /* Resources */,
			);
			buildRules = (
			);
			dependencies = (
			);
			name = RESTframework;
			productName = RESTframework;
			productReference = 2C582E8A134B7FC3007CAC35 /* RESTframework.app */;
			productType = "com.apple.product-type.application";
		};
		2C582EAD134B7FC3007CAC35 /* RESTframeworkTests */ = {
			isa = PBXNativeTarget;
			buildConfigurationList = 2C582EC4134B7FC3007CAC35 /* Build configuration list for PBXNativeTarget "RESTframeworkTests" */;
			buildPhases = (
				2C582EA9134B7FC3007CAC35 /* Sources */,
				2C582EAA134B7FC3007CAC35 /* Frameworks */,
				2C582EAB134B7FC3007CAC35 /* Resources */,
				2C582EAC134B7FC3007CAC35 /* ShellScript */,
			);
			buildRules = (
			);
			dependencies = (
				2C582EB3134B7FC3007CAC35 /* PBXTargetDependency */,
			);
			name = RESTframeworkTests;
			productName = RESTframeworkTests;
			productReference = 2C582EAE134B7FC3007CAC35 /* RESTframeworkTests.octest */;
			productType = "com.apple.product-type.bundle";
		};
		2C96DD66141E0D460053D438 /* libRESTframework */ = {
			isa = PBXNativeTarget;
			buildConfigurationList = 2C96DD71141E0D460053D438 /* Build configuration list for PBXNativeTarget "libRESTframework" */;
			buildPhases = (
				2C96DD63141E0D460053D438 /* Sources */,
				2C96DD64141E0D460053D438 /* Frameworks */,
				2C96DD65141E0D460053D438 /* Headers */,
				2C96DD82141E16020053D438 /* CopyFiles */,
				2C96DD7A141E0ED60053D438 /* ShellScript */,
			);
			buildRules = (
			);
			dependencies = (
			);
			name = libRESTframework;
			productName = libRESTframework;
			productReference = 2C96DD67141E0D460053D438 /* libRESTframework.a */;
			productType = "com.apple.product-type.library.static";
		};
/* End PBXNativeTarget section */

/* Begin PBXProject section */
		2C582E81134B7FC3007CAC35 /* Project object */ = {
			isa = PBXProject;
			attributes = {
				LastUpgradeCheck = 0420;
				ORGANIZATIONNAME = "Ivan Vasic https://github.com/ivasic/RESTframework";
			};
			buildConfigurationList = 2C582E84134B7FC3007CAC35 /* Build configuration list for PBXProject "RESTframework" */;
			compatibilityVersion = "Xcode 3.2";
			developmentRegion = English;
			hasScannedForEncodings = 0;
			knownRegions = (
				en,
			);
			mainGroup = 2C582E7F134B7FC3007CAC35;
			productRefGroup = 2C582E8B134B7FC3007CAC35 /* Products */;
			projectDirPath = "";
			projectRoot = "";
			targets = (
				2C582E89134B7FC3007CAC35 /* RESTframework */,
				2C582EAD134B7FC3007CAC35 /* RESTframeworkTests */,
				2C96DD66141E0D460053D438 /* libRESTframework */,
			);
		};
/* End PBXProject section */

/* Begin PBXResourcesBuildPhase section */
		2C582E88134B7FC3007CAC35 /* Resources */ = {
			isa = PBXResourcesBuildPhase;
			buildActionMask = 2147483647;
			files = (
				2C582ED6134B8029007CAC35 /* InfoPlist.strings in Resources */,
				2C582ED7134B8029007CAC35 /* MainWindow.xib in Resources */,
				2C582ED8134B8029007CAC35 /* RootViewController.xib in Resources */,
				2C96DD81141E15D30053D438 /* License.txt in Resources */,
			);
			runOnlyForDeploymentPostprocessing = 0;
		};
		2C582EAB134B7FC3007CAC35 /* Resources */ = {
			isa = PBXResourcesBuildPhase;
			buildActionMask = 2147483647;
			files = (
				2C582EB9134B7FC3007CAC35 /* InfoPlist.strings in Resources */,
				2C582EBC134B7FC3007CAC35 /* RESTframeworkTests.h in Resources */,
			);
			runOnlyForDeploymentPostprocessing = 0;
		};
/* End PBXResourcesBuildPhase section */

/* Begin PBXShellScriptBuildPhase section */
		2C582EAC134B7FC3007CAC35 /* ShellScript */ = {
			isa = PBXShellScriptBuildPhase;
			buildActionMask = 2147483647;
			files = (
			);
			inputPaths = (
			);
			outputPaths = (
			);
			runOnlyForDeploymentPostprocessing = 0;
			shellPath = /bin/sh;
			shellScript = "# Run the unit tests in this test bundle.\n\"${SYSTEM_DEVELOPER_DIR}/Tools/RunUnitTests\"\n";
		};
		2C96DD7A141E0ED60053D438 /* ShellScript */ = {
			isa = PBXShellScriptBuildPhase;
			buildActionMask = 2147483647;
			files = (
			);
			inputPaths = (
			);
			outputPaths = (
			);
			runOnlyForDeploymentPostprocessing = 0;
			shellPath = /bin/sh;
			shellScript = "# Version 2.0 (updated for Xcode 4, with some fixes)\n# Changes:\n#    - Works with xcode 4, even when running xcode 3 projects (Workarounds for apple bugs)\n#    - Faster / better: only runs lipo once, instead of once per recursion\n#    - Added some debugging statemetns that can be switched on/off by changing the DEBUG_THIS_SCRIPT variable to \"true\"\n#    - Fixed some typos\n# \n# Purpose:\n#   Create a static library for iPhone from within XCode\n#   Because Apple staff DELIBERATELY broke Xcode to make this impossible from the GUI (Xcode 3.2.3 specifically states this in the Release notes!)\n#   ...no, I don't understand why they did this!\n#\n# Author: Adam Martin - http://twitter.com/redglassesapps\n# Based on: original script from Eonil (main changes: Eonil's script WILL NOT WORK in Xcode GUI - it WILL CRASH YOUR COMPUTER)\n#\n# More info: see this Stack Overflow question: http://stackoverflow.com/questions/3520977/build-fat-static-library-device-simulator-using-xcode-and-sdk-4\n\n#################[ Tests: helps workaround any future bugs in Xcode ]########\n#\nDEBUG_THIS_SCRIPT=\"false\"\n\nif [ $DEBUG_THIS_SCRIPT = \"true\" ]\nthen\necho \"########### TESTS #############\"\necho \"Use the following variables when debugging this script; note that they may change on recursions\"\necho \"BUILD_DIR = $BUILD_DIR\"\necho \"BUILD_ROOT = $BUILD_ROOT\"\necho \"CONFIGURATION_BUILD_DIR = $CONFIGURATION_BUILD_DIR\"\necho \"BUILT_PRODUCTS_DIR = $BUILT_PRODUCTS_DIR\"\necho \"CONFIGURATION_TEMP_DIR = $CONFIGURATION_TEMP_DIR\"\necho \"TARGET_BUILD_DIR = $TARGET_BUILD_DIR\"\nfi\n\n#####################[ part 1 ]##################\n# First, work out the BASESDK version number (NB: Apple ought to report this, but they hide it)\n#    (incidental: searching for substrings in sh is a nightmare! Sob)\n\nSDK_VERSION=$(echo ${SDK_NAME} | grep -o '.\\{3\\}$')\n\n# Next, work out if we're in SIM or DEVICE\n\nif [ ${PLATFORM_NAME} = \"iphonesimulator\" ]\nthen\nOTHER_SDK_TO_BUILD=iphoneos${SDK_VERSION}\nelse\nOTHER_SDK_TO_BUILD=iphonesimulator${SDK_VERSION}\nfi\n\necho \"XCode has selected SDK: ${PLATFORM_NAME} with version: ${SDK_VERSION} (although back-targetting: ${IPHONEOS_DEPLOYMENT_TARGET})\"\necho \"...therefore, OTHER_SDK_TO_BUILD = ${OTHER_SDK_TO_BUILD}\"\n#\n#####################[ end of part 1 ]##################\n\n#####################[ part 2 ]##################\n#\n# IF this is the original invocation, invoke WHATEVER other builds are required\n#\n# Xcode is already building ONE target...\n#\n# ...but this is a LIBRARY, so Apple is wrong to set it to build just one.\n# ...we need to build ALL targets\n# ...we MUST NOT re-build the target that is ALREADY being built: Xcode WILL CRASH YOUR COMPUTER if you try this (infinite recursion!)\n#\n#\n# So: build ONLY the missing platforms/configurations.\n\nif [ \"true\" == ${ALREADYINVOKED:-false} ]\nthen\necho \"RECURSION: I am NOT the root invocation, so I'm NOT going to recurse\"\nelse\n# CRITICAL:\n# Prevent infinite recursion (Xcode sucks)\nexport ALREADYINVOKED=\"true\"\n\necho \"RECURSION: I am the root ... recursing all missing build targets NOW...\"\necho \"RECURSION: ...about to invoke: xcodebuild -configuration \\\"${CONFIGURATION}\\\" -target \\\"${TARGET_NAME}\\\" -sdk \\\"${OTHER_SDK_TO_BUILD}\\\" ${ACTION} RUN_CLANG_STATIC_ANALYZER=NO\"\nxcodebuild -configuration \"${CONFIGURATION}\" -target \"${TARGET_NAME}\" -sdk \"${OTHER_SDK_TO_BUILD}\" ${ACTION} RUN_CLANG_STATIC_ANALYZER=NO BUILD_DIR=\"${BUILD_DIR}\" BUILD_ROOT=\"${BUILD_ROOT}\"\n\nACTION=\"build\"\n\n#Merge all platform binaries as a fat binary for each configurations.\n\n# Calculate where the (multiple) built files are coming from:\nCURRENTCONFIG_DEVICE_DIR=${SYMROOT}/${CONFIGURATION}-iphoneos\nCURRENTCONFIG_SIMULATOR_DIR=${SYMROOT}/${CONFIGURATION}-iphonesimulator\n\necho \"Taking device build from: ${CURRENTCONFIG_DEVICE_DIR}\"\necho \"Taking simulator build from: ${CURRENTCONFIG_SIMULATOR_DIR}\"\n\nCREATING_UNIVERSAL_DIR=${SYMROOT}/${CONFIGURATION}-universal\necho \"...I will output a universal build to: ${CREATING_UNIVERSAL_DIR}\"\n\n# ... remove the products of previous runs of this script\n#      NB: this directory is ONLY created by this script - it should be safe to delete!\n\nrm -rf \"${CREATING_UNIVERSAL_DIR}\"\nmkdir \"${CREATING_UNIVERSAL_DIR}\"\n\n#\necho \"lipo: for current configuration (${CONFIGURATION}) creating output file: ${CREATING_UNIVERSAL_DIR}/${EXECUTABLE_NAME}\"\nlipo -create -output \"${CREATING_UNIVERSAL_DIR}/${EXECUTABLE_NAME}\" \"${CURRENTCONFIG_DEVICE_DIR}/${EXECUTABLE_NAME}\" \"${CURRENTCONFIG_SIMULATOR_DIR}/${EXECUTABLE_NAME}\"\n\n#########\n#\n# Added: StackOverflow suggestion to also copy \"include\" files\n#    (untested, but should work OK)\n#\nif [ -d \"${CURRENTCONFIG_DEVICE_DIR}/usr/local/include\" ]\nthen\nmkdir -p \"${CREATING_UNIVERSAL_DIR}/headers\"\n# * needs to be outside the double quotes?\ncp \"${CURRENTCONFIG_DEVICE_DIR}/usr/local/include/\"* \"${CREATING_UNIVERSAL_DIR}/headers\"\nfi\nfi\n\n#########\n#\n# License\n\ncp \"${CURRENTCONFIG_DEVICE_DIR}/License.txt\" \"${CREATING_UNIVERSAL_DIR}/\"";
		};
/* End PBXShellScriptBuildPhase section */

/* Begin PBXSourcesBuildPhase section */
		2C582E86134B7FC3007CAC35 /* Sources */ = {
			isa = PBXSourcesBuildPhase;
			buildActionMask = 2147483647;
			files = (
				2C582ED9134B8029007CAC35 /* main.m in Sources */,
				2C582EDB134B8029007CAC35 /* RESTframeworkAppDelegate.m in Sources */,
				2C582EDC134B8029007CAC35 /* RootViewController.m in Sources */,
				2C9F7DE71410CCEB00177C88 /* RFRequest.m in Sources */,
				2CBD0AF01413E19A00A04C01 /* RFResponse.m in Sources */,
				2CBD0AF41413E3B200A04C01 /* RFService.m in Sources */,
			);
			runOnlyForDeploymentPostprocessing = 0;
		};
		2C582EA9134B7FC3007CAC35 /* Sources */ = {
			isa = PBXSourcesBuildPhase;
			buildActionMask = 2147483647;
			files = (
				2C582EBE134B7FC3007CAC35 /* RESTframeworkTests.m in Sources */,
			);
			runOnlyForDeploymentPostprocessing = 0;
		};
		2C96DD63141E0D460053D438 /* Sources */ = {
			isa = PBXSourcesBuildPhase;
			buildActionMask = 2147483647;
			files = (
				2C96DD75141E0D710053D438 /* RFService.m in Sources */,
				2C96DD73141E0D6C0053D438 /* RFRequest.m in Sources */,
				2C96DD74141E0D6E0053D438 /* RFResponse.m in Sources */,
			);
			runOnlyForDeploymentPostprocessing = 0;
		};
/* End PBXSourcesBuildPhase section */

/* Begin PBXTargetDependency section */
		2C582EB3134B7FC3007CAC35 /* PBXTargetDependency */ = {
			isa = PBXTargetDependency;
			target = 2C582E89134B7FC3007CAC35 /* RESTframework */;
			targetProxy = 2C582EB2134B7FC3007CAC35 /* PBXContainerItemProxy */;
		};
/* End PBXTargetDependency section */

/* Begin PBXVariantGroup section */
		2C582EB7134B7FC3007CAC35 /* InfoPlist.strings */ = {
			isa = PBXVariantGroup;
			children = (
				2C582EB8134B7FC3007CAC35 /* en */,
			);
			name = InfoPlist.strings;
			sourceTree = "<group>";
		};
		2C582EC9134B8029007CAC35 /* InfoPlist.strings */ = {
			isa = PBXVariantGroup;
			children = (
				2C582ECA134B8029007CAC35 /* en */,
			);
			name = InfoPlist.strings;
			sourceTree = "<group>";
		};
		2C582ECB134B8029007CAC35 /* MainWindow.xib */ = {
			isa = PBXVariantGroup;
			children = (
				2C582ECC134B8029007CAC35 /* en */,
			);
			name = MainWindow.xib;
			sourceTree = "<group>";
		};
		2C582ECD134B8029007CAC35 /* RootViewController.xib */ = {
			isa = PBXVariantGroup;
			children = (
				2C582ECE134B8029007CAC35 /* en */,
			);
			name = RootViewController.xib;
			sourceTree = "<group>";
		};
/* End PBXVariantGroup section */

/* Begin XCBuildConfiguration section */
		2C582EBF134B7FC3007CAC35 /* Debug */ = {
			isa = XCBuildConfiguration;
			buildSettings = {
				ARCHS = "$(ARCHS_STANDARD_32_BIT)";
				"CODE_SIGN_IDENTITY[sdk=iphoneos*]" = "iPhone Developer";
				GCC_C_LANGUAGE_STANDARD = gnu99;
				GCC_OPTIMIZATION_LEVEL = 0;
				GCC_PREPROCESSOR_DEFINITIONS = DEBUG;
				GCC_SYMBOLS_PRIVATE_EXTERN = NO;
				GCC_VERSION = com.apple.compilers.llvm.clang.1_0;
				GCC_WARN_ABOUT_RETURN_TYPE = YES;
				GCC_WARN_UNUSED_VARIABLE = YES;
				IPHONEOS_DEPLOYMENT_TARGET = 4.3;
				SDKROOT = iphoneos;
			};
			name = Debug;
		};
		2C582EC0134B7FC3007CAC35 /* Release */ = {
			isa = XCBuildConfiguration;
			buildSettings = {
				ARCHS = "$(ARCHS_STANDARD_32_BIT)";
				"CODE_SIGN_IDENTITY[sdk=iphoneos*]" = "iPhone Developer";
				GCC_C_LANGUAGE_STANDARD = gnu99;
				GCC_VERSION = com.apple.compilers.llvm.clang.1_0;
				GCC_WARN_ABOUT_RETURN_TYPE = YES;
				GCC_WARN_UNUSED_VARIABLE = YES;
				IPHONEOS_DEPLOYMENT_TARGET = 4.3;
				OTHER_CFLAGS = "-DNS_BLOCK_ASSERTIONS=1";
				SDKROOT = iphoneos;
			};
			name = Release;
		};
		2C582EC2134B7FC3007CAC35 /* Debug */ = {
			isa = XCBuildConfiguration;
			buildSettings = {
				ALWAYS_SEARCH_USER_PATHS = NO;
				COPY_PHASE_STRIP = NO;
				GCC_DYNAMIC_NO_PIC = NO;
				GCC_PRECOMPILE_PREFIX_HEADER = YES;
				GCC_PREFIX_HEADER = "RESTframework/Application/RESTframework-Prefix.pch";
				GCC_TREAT_IMPLICIT_FUNCTION_DECLARATIONS_AS_ERRORS = YES;
				GCC_TREAT_INCOMPATIBLE_POINTER_TYPE_WARNINGS_AS_ERRORS = YES;
				GCC_TREAT_WARNINGS_AS_ERRORS = YES;
				INFOPLIST_FILE = "RESTframework/Application/RESTframework-Info.plist";
				IPHONEOS_DEPLOYMENT_TARGET = 4.0;
				PRODUCT_NAME = "$(TARGET_NAME)";
				WRAPPER_EXTENSION = app;
			};
			name = Debug;
		};
		2C582EC3134B7FC3007CAC35 /* Release */ = {
			isa = XCBuildConfiguration;
			buildSettings = {
				ALWAYS_SEARCH_USER_PATHS = NO;
				COPY_PHASE_STRIP = YES;
				GCC_PRECOMPILE_PREFIX_HEADER = YES;
				GCC_PREFIX_HEADER = "RESTframework/Application/RESTframework-Prefix.pch";
				GCC_TREAT_IMPLICIT_FUNCTION_DECLARATIONS_AS_ERRORS = YES;
				GCC_TREAT_INCOMPATIBLE_POINTER_TYPE_WARNINGS_AS_ERRORS = YES;
				GCC_TREAT_WARNINGS_AS_ERRORS = YES;
				INFOPLIST_FILE = "RESTframework/Application/RESTframework-Info.plist";
				IPHONEOS_DEPLOYMENT_TARGET = 4.0;
				PRODUCT_NAME = "$(TARGET_NAME)";
				VALIDATE_PRODUCT = YES;
				WRAPPER_EXTENSION = app;
			};
			name = Release;
		};
		2C582EC5134B7FC3007CAC35 /* Debug */ = {
			isa = XCBuildConfiguration;
			buildSettings = {
				ALWAYS_SEARCH_USER_PATHS = NO;
				BUNDLE_LOADER = "$(BUILT_PRODUCTS_DIR)/RESTframework.app/RESTframework";
				FRAMEWORK_SEARCH_PATHS = (
					"$(SDKROOT)/Developer/Library/Frameworks",
					"$(DEVELOPER_LIBRARY_DIR)/Frameworks",
				);
				GCC_PRECOMPILE_PREFIX_HEADER = YES;
				GCC_PREFIX_HEADER = "RESTframeworkTests/RESTframeworkTests-Prefix.pch";
				INFOPLIST_FILE = "RESTframeworkTests/RESTframeworkTests-Info.plist";
				OTHER_LDFLAGS = (
					"-framework",
					SenTestingKit,
				);
				PRODUCT_NAME = "$(TARGET_NAME)";
				TEST_HOST = "$(BUNDLE_LOADER)";
				WRAPPER_EXTENSION = octest;
			};
			name = Debug;
		};
		2C582EC6134B7FC3007CAC35 /* Release */ = {
			isa = XCBuildConfiguration;
			buildSettings = {
				ALWAYS_SEARCH_USER_PATHS = NO;
				BUNDLE_LOADER = "$(BUILT_PRODUCTS_DIR)/RESTframework.app/RESTframework";
				FRAMEWORK_SEARCH_PATHS = (
					"$(SDKROOT)/Developer/Library/Frameworks",
					"$(DEVELOPER_LIBRARY_DIR)/Frameworks",
				);
				GCC_PRECOMPILE_PREFIX_HEADER = YES;
				GCC_PREFIX_HEADER = "RESTframeworkTests/RESTframeworkTests-Prefix.pch";
				INFOPLIST_FILE = "RESTframeworkTests/RESTframeworkTests-Info.plist";
				OTHER_LDFLAGS = (
					"-framework",
					SenTestingKit,
				);
				PRODUCT_NAME = "$(TARGET_NAME)";
				TEST_HOST = "$(BUNDLE_LOADER)";
				WRAPPER_EXTENSION = octest;
			};
			name = Release;
		};
		2C96DD6F141E0D460053D438 /* Debug */ = {
			isa = XCBuildConfiguration;
			buildSettings = {
				ALWAYS_SEARCH_USER_PATHS = NO;
				COPY_PHASE_STRIP = NO;
				DSTROOT = /tmp/libRESTframework.dst;
				GCC_DYNAMIC_NO_PIC = NO;
				GCC_PRECOMPILE_PREFIX_HEADER = YES;
				GCC_PREFIX_HEADER = "RESTframework/libRESTframework/libRESTframework-Prefix.pch";
				GCC_PREPROCESSOR_DEFINITIONS = (
					"DEBUG=1",
					"$(inherited)",
				);
				GCC_VERSION = com.apple.compilers.llvm.clang.1_0;
				GCC_WARN_ABOUT_MISSING_PROTOTYPES = YES;
				OTHER_LDFLAGS = "-ObjC";
				PRODUCT_NAME = RESTframework;
				SKIP_INSTALL = YES;
			};
			name = Debug;
		};
		2C96DD70141E0D460053D438 /* Release */ = {
			isa = XCBuildConfiguration;
			buildSettings = {
				ALWAYS_SEARCH_USER_PATHS = NO;
				COPY_PHASE_STRIP = YES;
				DSTROOT = /tmp/libRESTframework.dst;
				GCC_PRECOMPILE_PREFIX_HEADER = YES;
				GCC_PREFIX_HEADER = "RESTframework/libRESTframework/libRESTframework-Prefix.pch";
				GCC_VERSION = com.apple.compilers.llvm.clang.1_0;
				GCC_WARN_ABOUT_MISSING_PROTOTYPES = YES;
				OTHER_LDFLAGS = "-ObjC";
				PRODUCT_NAME = RESTframework;
				SKIP_INSTALL = YES;
				VALIDATE_PRODUCT = YES;
			};
			name = Release;
		};
/* End XCBuildConfiguration section */

/* Begin XCConfigurationList section */
		2C582E84134B7FC3007CAC35 /* Build configuration list for PBXProject "RESTframework" */ = {
			isa = XCConfigurationList;
			buildConfigurations = (
				2C582EBF134B7FC3007CAC35 /* Debug */,
				2C582EC0134B7FC3007CAC35 /* Release */,
			);
			defaultConfigurationIsVisible = 0;
			defaultConfigurationName = Release;
		};
		2C582EC1134B7FC3007CAC35 /* Build configuration list for PBXNativeTarget "RESTframework" */ = {
			isa = XCConfigurationList;
			buildConfigurations = (
				2C582EC2134B7FC3007CAC35 /* Debug */,
				2C582EC3134B7FC3007CAC35 /* Release */,
			);
			defaultConfigurationIsVisible = 0;
			defaultConfigurationName = Release;
		};
		2C582EC4134B7FC3007CAC35 /* Build configuration list for PBXNativeTarget "RESTframeworkTests" */ = {
			isa = XCConfigurationList;
			buildConfigurations = (
				2C582EC5134B7FC3007CAC35 /* Debug */,
				2C582EC6134B7FC3007CAC35 /* Release */,
			);
			defaultConfigurationIsVisible = 0;
			defaultConfigurationName = Release;
		};
		2C96DD71141E0D460053D438 /* Build configuration list for PBXNativeTarget "libRESTframework" */ = {
			isa = XCConfigurationList;
			buildConfigurations = (
				2C96DD6F141E0D460053D438 /* Debug */,
				2C96DD70141E0D460053D438 /* Release */,
			);
			defaultConfigurationIsVisible = 0;
			defaultConfigurationName = Release;
		};
/* End XCConfigurationList section */
	};
	rootObject = 2C582E81134B7FC3007CAC35 /* Project object */;
}
